
Microsoft Visual Studio Solution File, Format Version 12.00
# Blend for Visual Studio 15
VisualStudioVersion = 15.0.27428.2027
MinimumVisualStudioVersion = 10.0.40219.1
Project("{FAE04EC0-301F-11D3-BF4B-00C04F79EFBC}") = "Sambaza", "Sambaza\Sambaza.csproj", "{E113FB9E-1BE1-4F1E-9134-775CAE459E20}"
EndProject
Global
	GlobalSection(SolutionConfigurationPlatforms) = preSolution
		Debug|Any CPU = Debug|Any CPU
		Release|Any CPU = Release|Any CPU
	EndGlobalSection
	GlobalSection(ProjectConfigurationPlatforms) = postSolution
		{E113FB9E-1BE1-4F1E-9134-775CAE459E20}.Debug|Any CPU.ActiveCfg = Debug|Any CPU
		{E113FB9E-1BE1-4F1E-9134-775CAE459E20}.Debug|Any CPU.Build.0 = Debug|Any CPU
		{E113FB9E-1BE1-4F1E-9134-775CAE459E20}.Release|Any CPU.ActiveCfg = Release|Any CPU
		{E113FB9E-1BE1-4F1E-9134-775CAE459E20}.Release|Any CPU.Build.0 = Release|Any CPU
	EndGlobalSection
	GlobalSection(SolutionProperties) = preSolution
		HideSolutionNode = FALSE
	EndGlobalSection
	GlobalSection(ExtensibilityGlobals) = postSolution
		SolutionGuid = {D3D522E4-8FB7-473D-8525-92F7C5974EE2}
	EndGlobalSection
EndGlobal
